
Microsoft Visual Studio Solution File, Format Version 12.00
# Visual Studio Version 17
VisualStudioVersion = 17.13.35825.156
MinimumVisualStudioVersion = 10.0.40219.1
Project("{2150E333-8FDC-42A3-9474-1A3956D46DE8}") = "src", "src", "{02EA681E-C7D8-13C7-8484-4AC65E1B71E8}"
EndProject
Project("{FAE04EC0-301F-11D3-BF4B-00C04F79EFBC}") = "Life.Api", "src\Life.Api\Life.Api.csproj", "{E95387D8-F50F-C2DC-781E-E800EDF71561}"
EndProject
Project("{FAE04EC0-301F-11D3-BF4B-00C04F79EFBC}") = "Life.Application", "src\Life.Application\Life.Application.csproj", "{8304CBF7-843B-9EB2-6270-9986B9D38D2C}"
EndProject
Project("{FAE04EC0-301F-11D3-BF4B-00C04F79EFBC}") = "Life.Domain", "src\Life.Domain\Life.Domain.csproj", "{B2B0B726-3E36-223F-12D3-FC31B2AB09A8}"
EndProject
Project("{FAE04EC0-301F-11D3-BF4B-00C04F79EFBC}") = "Life.Infrastructure", "src\Life.Infrastructure\Life.Infrastructure.csproj", "{86CBF2F4-DF54-1C2C-96BE-4720D20C3465}"
EndProject
Project("{2150E333-8FDC-42A3-9474-1A3956D46DE8}") = "tests", "tests", "{B0BA22E8-1F2A-4DD4-BC1E-2F64618449DD}"
EndProject
Project("{FAE04EC0-301F-11D3-BF4B-00C04F79EFBC}") = "Life.Api.Tests", "tests\Life.Api.Tests\Life.Api.Tests.csproj", "{67797143-DE8C-4811-9A5A-508975737D03}"
EndProject
Project("{FAE04EC0-301F-11D3-BF4B-00C04F79EFBC}") = "Life.Perf", "tests\Life.Perf\Life.Perf.csproj", "{F3A553F5-6FC5-49AD-9148-136AD6EE3BBB}"
EndProject
Project("{2150E333-8FDC-42A3-9474-1A3956D46DE8}") = "ops", "ops", "{6B2E2E51-A286-4E49-A480-2D67DB04DB6F}"
	ProjectSection(SolutionItems) = preProject
		ops\docker-compose.yml = ops\docker-compose.yml
		ops\DockerFile = ops\DockerFile
	EndProjectSection
EndProject
Project("{FAE04EC0-301F-11D3-BF4B-00C04F79EFBC}") = "Life.Domain.Tests", "tests\Life.Domain.Tests\Life.Domain.Tests.csproj", "{D369B20D-FDA0-4187-B82F-85E9F9326CF2}"
EndProject
Global
	GlobalSection(SolutionConfigurationPlatforms) = preSolution
		Debug|Any CPU = Debug|Any CPU
		Release|Any CPU = Release|Any CPU
	EndGlobalSection
	GlobalSection(ProjectConfigurationPlatforms) = postSolution
		{E95387D8-F50F-C2DC-781E-E800EDF71561}.Debug|Any CPU.ActiveCfg = Debug|Any CPU
		{E95387D8-F50F-C2DC-781E-E800EDF71561}.Debug|Any CPU.Build.0 = Debug|Any CPU
		{E95387D8-F50F-C2DC-781E-E800EDF71561}.Release|Any CPU.ActiveCfg = Release|Any CPU
		{E95387D8-F50F-C2DC-781E-E800EDF71561}.Release|Any CPU.Build.0 = Release|Any CPU
		{8304CBF7-843B-9EB2-6270-9986B9D38D2C}.Debug|Any CPU.ActiveCfg = Debug|Any CPU
		{8304CBF7-843B-9EB2-6270-9986B9D38D2C}.Debug|Any CPU.Build.0 = Debug|Any CPU
		{8304CBF7-843B-9EB2-6270-9986B9D38D2C}.Release|Any CPU.ActiveCfg = Release|Any CPU
		{8304CBF7-843B-9EB2-6270-9986B9D38D2C}.Release|Any CPU.Build.0 = Release|Any CPU
		{B2B0B726-3E36-223F-12D3-FC31B2AB09A8}.Debug|Any CPU.ActiveCfg = Debug|Any CPU
		{B2B0B726-3E36-223F-12D3-FC31B2AB09A8}.Debug|Any CPU.Build.0 = Debug|Any CPU
		{B2B0B726-3E36-223F-12D3-FC31B2AB09A8}.Release|Any CPU.ActiveCfg = Release|Any CPU
		{B2B0B726-3E36-223F-12D3-FC31B2AB09A8}.Release|Any CPU.Build.0 = Release|Any CPU
		{86CBF2F4-DF54-1C2C-96BE-4720D20C3465}.Debug|Any CPU.ActiveCfg = Debug|Any CPU
		{86CBF2F4-DF54-1C2C-96BE-4720D20C3465}.Debug|Any CPU.Build.0 = Debug|Any CPU
		{86CBF2F4-DF54-1C2C-96BE-4720D20C3465}.Release|Any CPU.ActiveCfg = Release|Any CPU
		{86CBF2F4-DF54-1C2C-96BE-4720D20C3465}.Release|Any CPU.Build.0 = Release|Any CPU
		{67797143-DE8C-4811-9A5A-508975737D03}.Debug|Any CPU.ActiveCfg = Debug|Any CPU
		{67797143-DE8C-4811-9A5A-508975737D03}.Debug|Any CPU.Build.0 = Debug|Any CPU
		{67797143-DE8C-4811-9A5A-508975737D03}.Release|Any CPU.ActiveCfg = Release|Any CPU
		{67797143-DE8C-4811-9A5A-508975737D03}.Release|Any CPU.Build.0 = Release|Any CPU
		{F3A553F5-6FC5-49AD-9148-136AD6EE3BBB}.Debug|Any CPU.ActiveCfg = Debug|Any CPU
		{F3A553F5-6FC5-49AD-9148-136AD6EE3BBB}.Debug|Any CPU.Build.0 = Debug|Any CPU
		{F3A553F5-6FC5-49AD-9148-136AD6EE3BBB}.Release|Any CPU.ActiveCfg = Release|Any CPU
		{F3A553F5-6FC5-49AD-9148-136AD6EE3BBB}.Release|Any CPU.Build.0 = Release|Any CPU
		{D369B20D-FDA0-4187-B82F-85E9F9326CF2}.Debug|Any CPU.ActiveCfg = Debug|Any CPU
		{D369B20D-FDA0-4187-B82F-85E9F9326CF2}.Debug|Any CPU.Build.0 = Debug|Any CPU
		{D369B20D-FDA0-4187-B82F-85E9F9326CF2}.Release|Any CPU.ActiveCfg = Release|Any CPU
		{D369B20D-FDA0-4187-B82F-85E9F9326CF2}.Release|Any CPU.Build.0 = Release|Any CPU
	EndGlobalSection
	GlobalSection(SolutionProperties) = preSolution
		HideSolutionNode = FALSE
	EndGlobalSection
	GlobalSection(NestedProjects) = preSolution
		{E95387D8-F50F-C2DC-781E-E800EDF71561} = {02EA681E-C7D8-13C7-8484-4AC65E1B71E8}
		{8304CBF7-843B-9EB2-6270-9986B9D38D2C} = {02EA681E-C7D8-13C7-8484-4AC65E1B71E8}
		{B2B0B726-3E36-223F-12D3-FC31B2AB09A8} = {02EA681E-C7D8-13C7-8484-4AC65E1B71E8}
		{86CBF2F4-DF54-1C2C-96BE-4720D20C3465} = {02EA681E-C7D8-13C7-8484-4AC65E1B71E8}
		{67797143-DE8C-4811-9A5A-508975737D03} = {B0BA22E8-1F2A-4DD4-BC1E-2F64618449DD}
		{F3A553F5-6FC5-49AD-9148-136AD6EE3BBB} = {B0BA22E8-1F2A-4DD4-BC1E-2F64618449DD}
		{D369B20D-FDA0-4187-B82F-85E9F9326CF2} = {B0BA22E8-1F2A-4DD4-BC1E-2F64618449DD}
	EndGlobalSection
	GlobalSection(ExtensibilityGlobals) = postSolution
		SolutionGuid = {8910D24C-1B04-460A-9417-7A8185228884}
	EndGlobalSection
EndGlobal
